// !$*UTF8*$!
{
	archiveVersion = 1;
	classes = {
	};
	objectVersion = 56;
	objects = {

/* Begin PBXBuildFile section */
		014CFED62A2DF18C00FE27A0 /* AppDelegate.m in Sources */ = {isa = PBXBuildFile; fileRef = 014CFED52A2DF18C00FE27A0 /* AppDelegate.m */; };
		014CFEDC2A2DF18C00FE27A0 /* ViewController.m in Sources */ = {isa = PBXBuildFile; fileRef = 014CFEDB2A2DF18C00FE27A0 /* ViewController.m */; };
		014CFEDF2A2DF18C00FE27A0 /* Main.storyboard in Resources */ = {isa = PBXBuildFile; fileRef = 014CFEDD2A2DF18C00FE27A0 /* Main.storyboard */; };
		014CFEE12A2DF18F00FE27A0 /* Assets.xcassets in Resources */ = {isa = PBXBuildFile; fileRef = 014CFEE02A2DF18F00FE27A0 /* Assets.xcassets */; };
		014CFEE42A2DF18F00FE27A0 /* LaunchScreen.storyboard in Resources */ = {isa = PBXBuildFile; fileRef = 014CFEE22A2DF18F00FE27A0 /* LaunchScreen.storyboard */; };
		014CFEE72A2DF18F00FE27A0 /* main.m in Sources */ = {isa = PBXBuildFile; fileRef = 014CFEE62A2DF18F00FE27A0 /* main.m */; };
		014CFEFA2A2DF1FA00FE27A0 /* NSDate+Extension.m in Sources */ = {isa = PBXBuildFile; fileRef = 014CFEF42A2DF1FA00FE27A0 /* NSDate+Extension.m */; };
		014CFEFB2A2DF1FA00FE27A0 /* UIColor+Extension.m in Sources */ = {isa = PBXBuildFile; fileRef = 014CFEF52A2DF1FA00FE27A0 /* UIColor+Extension.m */; };
		014CFEFC2A2DF1FA00FE27A0 /* NSString+Extension.m in Sources */ = {isa = PBXBuildFile; fileRef = 014CFEF62A2DF1FA00FE27A0 /* NSString+Extension.m */; };
		014CFEFD2A2DF1FA00FE27A0 /* UIDevice+Extension.m in Sources */ = {isa = PBXBuildFile; fileRef = 014CFEF72A2DF1FA00FE27A0 /* UIDevice+Extension.m */; };
		014CFEFE2A2DF1FA00FE27A0 /* UIButton+Extension.m in Sources */ = {isa = PBXBuildFile; fileRef = 014CFEF82A2DF1FA00FE27A0 /* UIButton+Extension.m */; };
		014CFEFF2A2DF1FA00FE27A0 /* UIView+Extension.m in Sources */ = {isa = PBXBuildFile; fileRef = 014CFEF92A2DF1FA00FE27A0 /* UIView+Extension.m */; };
/* End PBXBuildFile section */

/* Begin PBXFileReference section */
		014CFED12A2DF18C00FE27A0 /* MoExtension.app */ = {isa = PBXFileReference; explicitFileType = wrapper.application; includeInIndex = 0; path = MoExtension.app; sourceTree = BUILT_PRODUCTS_DIR; };
		014CFED42A2DF18C00FE27A0 /* AppDelegate.h */ = {isa = PBXFileReference; lastKnownFileType = sourcecode.c.h; path = AppDelegate.h; sourceTree = "<group>"; };
		014CFED52A2DF18C00FE27A0 /* AppDelegate.m */ = {isa = PBXFileReference; lastKnownFileType = sourcecode.c.objc; path = AppDelegate.m; sourceTree = "<group>"; };
		014CFEDA2A2DF18C00FE27A0 /* ViewController.h */ = {isa = PBXFileReference; lastKnownFileType = sourcecode.c.h; path = ViewController.h; sourceTree = "<group>"; };
		014CFEDB2A2DF18C00FE27A0 /* ViewController.m */ = {isa = PBXFileReference; lastKnownFileType = sourcecode.c.objc; path = ViewController.m; sourceTree = "<group>"; };
		014CFEDE2A2DF18C00FE27A0 /* Base */ = {isa = PBXFileReference; lastKnownFileType = file.storyboard; name = Base; path = Base.lproj/Main.storyboard; sourceTree = "<group>"; };
		014CFEE02A2DF18F00FE27A0 /* Assets.xcassets */ = {isa = PBXFileReference; lastKnownFileType = folder.assetcatalog; path = Assets.xcassets; sourceTree = "<group>"; };
		014CFEE32A2DF18F00FE27A0 /* Base */ = {isa = PBXFileReference; lastKnownFileType = file.storyboard; name = Base; path = Base.lproj/LaunchScreen.storyboard; sourceTree = "<group>"; };
		014CFEE52A2DF18F00FE27A0 /* Info.plist */ = {isa = PBXFileReference; lastKnownFileType = text.plist.xml; path = Info.plist; sourceTree = "<group>"; };
		014CFEE62A2DF18F00FE27A0 /* main.m */ = {isa = PBXFileReference; lastKnownFileType = sourcecode.c.objc; path = main.m; sourceTree = "<group>"; };
		014CFEEE2A2DF1FA00FE27A0 /* NSString+Extension.h */ = {isa = PBXFileReference; fileEncoding = 4; lastKnownFileType = sourcecode.c.h; path = "NSString+Extension.h"; sourceTree = "<group>"; };
		014CFEEF2A2DF1FA00FE27A0 /* UIColor+Extension.h */ = {isa = PBXFileReference; fileEncoding = 4; lastKnownFileType = sourcecode.c.h; path = "UIColor+Extension.h"; sourceTree = "<group>"; };
		014CFEF02A2DF1FA00FE27A0 /* NSDate+Extension.h */ = {isa = PBXFileReference; fileEncoding = 4; lastKnownFileType = sourcecode.c.h; path = "NSDate+Extension.h"; sourceTree = "<group>"; };
		014CFEF12A2DF1FA00FE27A0 /* UIView+Extension.h */ = {isa = PBXFileReference; fileEncoding = 4; lastKnownFileType = sourcecode.c.h; path = "UIView+Extension.h"; sourceTree = "<group>"; };
		014CFEF22A2DF1FA00FE27A0 /* UIButton+Extension.h */ = {isa = PBXFileReference; fileEncoding = 4; lastKnownFileType = sourcecode.c.h; path = "UIButton+Extension.h"; sourceTree = "<group>"; };
		014CFEF32A2DF1FA00FE27A0 /* UIDevice+Extension.h */ = {isa = PBXFileReference; fileEncoding = 4; lastKnownFileType = sourcecode.c.h; path = "UIDevice+Extension.h"; sourceTree = "<group>"; };
		014CFEF42A2DF1FA00FE27A0 /* NSDate+Extension.m */ = {isa = PBXFileReference; fileEncoding = 4; lastKnownFileType = sourcecode.c.objc; path = "NSDate+Extension.m"; sourceTree = "<group>"; };
		014CFEF52A2DF1FA00FE27A0 /* UIColor+Extension.m */ = {isa = PBXFileReference; fileEncoding = 4; lastKnownFileType = sourcecode.c.objc; path = "UIColor+Extension.m"; sourceTree = "<group>"; };
		014CFEF62A2DF1FA00FE27A0 /* NSString+Extension.m */ = {isa = PBXFileReference; fileEncoding = 4; lastKnownFileType = sourcecode.c.objc; path = "NSString+Extension.m"; sourceTree = "<group>"; };
		014CFEF72A2DF1FA00FE27A0 /* UIDevice+Extension.m */ = {isa = PBXFileReference; fileEncoding = 4; lastKnownFileType = sourcecode.c.objc; path = "UIDevice+Extension.m"; sourceTree = "<group>"; };
		014CFEF82A2DF1FA00FE27A0 /* UIButton+Extension.m */ = {isa = PBXFileReference; fileEncoding = 4; lastKnownFileType = sourcecode.c.objc; path = "UIButton+Extension.m"; sourceTree = "<group>"; };
		014CFEF92A2DF1FA00FE27A0 /* UIView+Extension.m */ = {isa = PBXFileReference; fileEncoding = 4; lastKnownFileType = sourcecode.c.objc; path = "UIView+Extension.m"; sourceTree = "<group>"; };
		014CFF002A2DF21D00FE27A0 /* MoExtension.h */ = {isa = PBXFileReference; lastKnownFileType = sourcecode.c.h; path = MoExtension.h; sourceTree = "<group>"; };
/* End PBXFileReference section */

/* Begin PBXFrameworksBuildPhase section */
		014CFECE2A2DF18C00FE27A0 /* Frameworks */ = {
			isa = PBXFrameworksBuildPhase;
			buildActionMask = 2147483647;
			files = (
			);
			runOnlyForDeploymentPostprocessing = 0;
		};
/* End PBXFrameworksBuildPhase section */

/* Begin PBXGroup section */
		014CFEC82A2DF18C00FE27A0 = {
			isa = PBXGroup;
			children = (
				014CFED32A2DF18C00FE27A0 /* MoExtension */,
				014CFED22A2DF18C00FE27A0 /* Products */,
			);
			sourceTree = "<group>";
		};
		014CFED22A2DF18C00FE27A0 /* Products */ = {
			isa = PBXGroup;
			children = (
				014CFED12A2DF18C00FE27A0 /* MoExtension.app */,
			);
			name = Products;
			sourceTree = "<group>";
		};
		014CFED32A2DF18C00FE27A0 /* MoExtension */ = {
			isa = PBXGroup;
			children = (
				014CFEED2A2DF1FA00FE27A0 /* Classes */,
				014CFED42A2DF18C00FE27A0 /* AppDelegate.h */,
				014CFED52A2DF18C00FE27A0 /* AppDelegate.m */,
				014CFEDA2A2DF18C00FE27A0 /* ViewController.h */,
				014CFEDB2A2DF18C00FE27A0 /* ViewController.m */,
				014CFEDD2A2DF18C00FE27A0 /* Main.storyboard */,
				014CFEE02A2DF18F00FE27A0 /* Assets.xcassets */,
				014CFEE22A2DF18F00FE27A0 /* LaunchScreen.storyboard */,
				014CFEE52A2DF18F00FE27A0 /* Info.plist */,
				014CFEE62A2DF18F00FE27A0 /* main.m */,
			);
			path = MoExtension;
			sourceTree = "<group>";
		};
		014CFEED2A2DF1FA00FE27A0 /* Classes */ = {
			isa = PBXGroup;
			children = (
				014CFF002A2DF21D00FE27A0 /* MoExtension.h */,
				014CFEF02A2DF1FA00FE27A0 /* NSDate+Extension.h */,
				014CFEF42A2DF1FA00FE27A0 /* NSDate+Extension.m */,
				014CFEEE2A2DF1FA00FE27A0 /* NSString+Extension.h */,
				014CFEF62A2DF1FA00FE27A0 /* NSString+Extension.m */,
				014CFEF22A2DF1FA00FE27A0 /* UIButton+Extension.h */,
				014CFEF82A2DF1FA00FE27A0 /* UIButton+Extension.m */,
				014CFEEF2A2DF1FA00FE27A0 /* UIColor+Extension.h */,
				014CFEF52A2DF1FA00FE27A0 /* UIColor+Extension.m */,
				014CFEF32A2DF1FA00FE27A0 /* UIDevice+Extension.h */,
				014CFEF72A2DF1FA00FE27A0 /* UIDevice+Extension.m */,
				014CFEF12A2DF1FA00FE27A0 /* UIView+Extension.h */,
				014CFEF92A2DF1FA00FE27A0 /* UIView+Extension.m */,
			);
			path = Classes;
			sourceTree = "<group>";
		};
/* End PBXGroup section */

/* Begin PBXNativeTarget section */
		014CFED02A2DF18C00FE27A0 /* MoExtension */ = {
			isa = PBXNativeTarget;
			buildConfigurationList = 014CFEEA2A2DF18F00FE27A0 /* Build configuration list for PBXNativeTarget "MoExtension" */;
			buildPhases = (
				014CFECD2A2DF18C00FE27A0 /* Sources */,
				014CFECE2A2DF18C00FE27A0 /* Frameworks */,
				014CFECF2A2DF18C00FE27A0 /* Resources */,
			);
			buildRules = (
			);
			dependencies = (
			);
			name = MoExtension;
			productName = MoExtension;
			productReference = 014CFED12A2DF18C00FE27A0 /* MoExtension.app */;
			productType = "com.apple.product-type.application";
		};
/* End PBXNativeTarget section */

/* Begin PBXProject section */
		014CFEC92A2DF18C00FE27A0 /* Project object */ = {
			isa = PBXProject;
			attributes = {
				BuildIndependentTargetsInParallel = 1;
				LastUpgradeCheck = 1430;
				TargetAttributes = {
					014CFED02A2DF18C00FE27A0 = {
						CreatedOnToolsVersion = 14.3;
					};
				};
			};
			buildConfigurationList = 014CFECC2A2DF18C00FE27A0 /* Build configuration list for PBXProject "MoExtension" */;
			compatibilityVersion = "Xcode 14.0";
			developmentRegion = en;
			hasScannedForEncodings = 0;
			knownRegions = (
				en,
				Base,
			);
			mainGroup = 014CFEC82A2DF18C00FE27A0;
			productRefGroup = 014CFED22A2DF18C00FE27A0 /* Products */;
			projectDirPath = "";
			projectRoot = "";
			targets = (
				014CFED02A2DF18C00FE27A0 /* MoExtension */,
			);
		};
/* End PBXProject section */

/* Begin PBXResourcesBuildPhase section */
		014CFECF2A2DF18C00FE27A0 /* Resources */ = {
			isa = PBXResourcesBuildPhase;
			buildActionMask = 2147483647;
			files = (
				014CFEE42A2DF18F00FE27A0 /* LaunchScreen.storyboard in Resources */,
				014CFEE12A2DF18F00FE27A0 /* Assets.xcassets in Resources */,
				014CFEDF2A2DF18C00FE27A0 /* Main.storyboard in Resources */,
			);
			runOnlyForDeploymentPostprocessing = 0;
		};
/* End PBXResourcesBuildPhase section */

/* Begin PBXSourcesBuildPhase section */
		014CFECD2A2DF18C00FE27A0 /* Sources */ = {
			isa = PBXSourcesBuildPhase;
			buildActionMask = 2147483647;
			files = (
				014CFEFF2A2DF1FA00FE27A0 /* UIView+Extension.m in Sources */,
				014CFEFD2A2DF1FA00FE27A0 /* UIDevice+Extension.m in Sources */,
				014CFEFE2A2DF1FA00FE27A0 /* UIButton+Extension.m in Sources */,
				014CFEFA2A2DF1FA00FE27A0 /* NSDate+Extension.m in Sources */,
				014CFEFC2A2DF1FA00FE27A0 /* NSString+Extension.m in Sources */,
				014CFEDC2A2DF18C00FE27A0 /* ViewController.m in Sources */,
				014CFEFB2A2DF1FA00FE27A0 /* UIColor+Extension.m in Sources */,
				014CFED62A2DF18C00FE27A0 /* AppDelegate.m in Sources */,
				014CFEE72A2DF18F00FE27A0 /* main.m in Sources */,
			);
			runOnlyForDeploymentPostprocessing = 0;
		};
/* End PBXSourcesBuildPhase section */

/* Begin PBXVariantGroup section */
		014CFEDD2A2DF18C00FE27A0 /* Main.storyboard */ = {
			isa = PBXVariantGroup;
			children = (
				014CFEDE2A2DF18C00FE27A0 /* Base */,
			);
			name = Main.storyboard;
			sourceTree = "<group>";
		};
		014CFEE22A2DF18F00FE27A0 /* LaunchScreen.storyboard */ = {
			isa = PBXVariantGroup;
			children = (
				014CFEE32A2DF18F00FE27A0 /* Base */,
			);
			name = LaunchScreen.storyboard;
			sourceTree = "<group>";
		};
/* End PBXVariantGroup section */

/* Begin XCBuildConfiguration section */
		014CFEE82A2DF18F00FE27A0 /* Debug */ = {
			isa = XCBuildConfiguration;
			buildSettings = {
				ALWAYS_SEARCH_USER_PATHS = NO;
				CLANG_ANALYZER_NONNULL = YES;
				CLANG_ANALYZER_NUMBER_OBJECT_CONVERSION = YES_AGGRESSIVE;
				CLANG_CXX_LANGUAGE_STANDARD = "gnu++20";
				CLANG_ENABLE_MODULES = YES;
				CLANG_ENABLE_OBJC_ARC = YES;
				CLANG_ENABLE_OBJC_WEAK = YES;
				CLANG_WARN_BLOCK_CAPTURE_AUTORELEASING = YES;
				CLANG_WARN_BOOL_CONVERSION = YES;
				CLANG_WARN_COMMA = YES;
				CLANG_WARN_CONSTANT_CONVERSION = YES;
				CLANG_WARN_DEPRECATED_OBJC_IMPLEMENTATIONS = YES;
				CLANG_WARN_DIRECT_OBJC_ISA_USAGE = YES_ERROR;
				CLANG_WARN_DOCUMENTATION_COMMENTS = YES;
				CLANG_WARN_EMPTY_BODY = YES;
				CLANG_WARN_ENUM_CONVERSION = YES;
				CLANG_WARN_INFINITE_RECURSION = YES;
				CLANG_WARN_INT_CONVERSION = YES;
				CLANG_WARN_NON_LITERAL_NULL_CONVERSION = YES;
				CLANG_WARN_OBJC_IMPLICIT_RETAIN_SELF = YES;
				CLANG_WARN_OBJC_LITERAL_CONVERSION = YES;
				CLANG_WARN_OBJC_ROOT_CLASS = YES_ERROR;
				CLANG_WARN_QUOTED_INCLUDE_IN_FRAMEWORK_HEADER = YES;
				CLANG_WARN_RANGE_LOOP_ANALYSIS = YES;
				CLANG_WARN_STRICT_PROTOTYPES = YES;
				CLANG_WARN_SUSPICIOUS_MOVE = YES;
				CLANG_WARN_UNGUARDED_AVAILABILITY = YES_AGGRESSIVE;
				CLANG_WARN_UNREACHABLE_CODE = YES;
				CLANG_WARN__DUPLICATE_METHOD_MATCH = YES;
				COPY_PHASE_STRIP = NO;
				DEBUG_INFORMATION_FORMAT = dwarf;
				ENABLE_STRICT_OBJC_MSGSEND = YES;
				ENABLE_TESTABILITY = YES;
				GCC_C_LANGUAGE_STANDARD = gnu11;
				GCC_DYNAMIC_NO_PIC = NO;
				GCC_NO_COMMON_BLOCKS = YES;
				GCC_OPTIMIZATION_LEVEL = 0;
				GCC_PREPROCESSOR_DEFINITIONS = (
					"DEBUG=1",
					"$(inherited)",
				);
				GCC_WARN_64_TO_32_BIT_CONVERSION = YES;
				GCC_WARN_ABOUT_RETURN_TYPE = YES_ERROR;
				GCC_WARN_UNDECLARED_SELECTOR = YES;
				GCC_WARN_UNINITIALIZED_AUTOS = YES_AGGRESSIVE;
				GCC_WARN_UNUSED_FUNCTION = YES;
				GCC_WARN_UNUSED_VARIABLE = YES;
				IPHONEOS_DEPLOYMENT_TARGET = 16.4;
				MTL_ENABLE_DEBUG_INFO = INCLUDE_SOURCE;
				MTL_FAST_MATH = YES;
				ONLY_ACTIVE_ARCH = YES;
				SDKROOT = iphoneos;
			};
			name = Debug;
		};
		014CFEE92A2DF18F00FE27A0 /* Release */ = {
			isa = XCBuildConfiguration;
			buildSettings = {
				ALWAYS_SEARCH_USER_PATHS = NO;
				CLANG_ANALYZER_NONNULL = YES;
				CLANG_ANALYZER_NUMBER_OBJECT_CONVERSION = YES_AGGRESSIVE;
				CLANG_CXX_LANGUAGE_STANDARD = "gnu++20";
				CLANG_ENABLE_MODULES = YES;
				CLANG_ENABLE_OBJC_ARC = YES;
				CLANG_ENABLE_OBJC_WEAK = YES;
				CLANG_WARN_BLOCK_CAPTURE_AUTORELEASING = YES;
				CLANG_WARN_BOOL_CONVERSION = YES;
				CLANG_WARN_COMMA = YES;
				CLANG_WARN_CONSTANT_CONVERSION = YES;
				CLANG_WARN_DEPRECATED_OBJC_IMPLEMENTATIONS = YES;
				CLANG_WARN_DIRECT_OBJC_ISA_USAGE = YES_ERROR;
				CLANG_WARN_DOCUMENTATION_COMMENTS = YES;
				CLANG_WARN_EMPTY_BODY = YES;
				CLANG_WARN_ENUM_CONVERSION = YES;
				CLANG_WARN_INFINITE_RECURSION = YES;
				CLANG_WARN_INT_CONVERSION = YES;
				CLANG_WARN_NON_LITERAL_NULL_CONVERSION = YES;
				CLANG_WARN_OBJC_IMPLICIT_RETAIN_SELF = YES;
				CLANG_WARN_OBJC_LITERAL_CONVERSION = YES;
				CLANG_WARN_OBJC_ROOT_CLASS = YES_ERROR;
				CLANG_WARN_QUOTED_INCLUDE_IN_FRAMEWORK_HEADER = YES;
				CLANG_WARN_RANGE_LOOP_ANALYSIS = YES;
				CLANG_WARN_STRICT_PROTOTYPES = YES;
				CLANG_WARN_SUSPICIOUS_MOVE = YES;
				CLANG_WARN_UNGUARDED_AVAILABILITY = YES_AGGRESSIVE;
				CLANG_WARN_UNREACHABLE_CODE = YES;
				CLANG_WARN__DUPLICATE_METHOD_MATCH = YES;
				COPY_PHASE_STRIP = NO;
				DEBUG_INFORMATION_FORMAT = "dwarf-with-dsym";
				ENABLE_NS_ASSERTIONS = NO;
				ENABLE_STRICT_OBJC_MSGSEND = YES;
				GCC_C_LANGUAGE_STANDARD = gnu11;
				GCC_NO_COMMON_BLOCKS = YES;
				GCC_WARN_64_TO_32_BIT_CONVERSION = YES;
				GCC_WARN_ABOUT_RETURN_TYPE = YES_ERROR;
				GCC_WARN_UNDECLARED_SELECTOR = YES;
				GCC_WARN_UNINITIALIZED_AUTOS = YES_AGGRESSIVE;
				GCC_WARN_UNUSED_FUNCTION = YES;
				GCC_WARN_UNUSED_VARIABLE = YES;
				IPHONEOS_DEPLOYMENT_TARGET = 16.4;
				MTL_ENABLE_DEBUG_INFO = NO;
				MTL_FAST_MATH = YES;
				SDKROOT = iphoneos;
				VALIDATE_PRODUCT = YES;
			};
			name = Release;
		};
		014CFEEB2A2DF18F00FE27A0 /* Debug */ = {
			isa = XCBuildConfiguration;
			buildSettings = {
				ASSETCATALOG_COMPILER_APPICON_NAME = AppIcon;
				ASSETCATALOG_COMPILER_GLOBAL_ACCENT_COLOR_NAME = AccentColor;
				CODE_SIGN_STYLE = Manual;
				CURRENT_PROJECT_VERSION = 1;
				DEVELOPMENT_TEAM = "";
				GENERATE_INFOPLIST_FILE = YES;
				INFOPLIST_FILE = MoExtension/Info.plist;
				INFOPLIST_KEY_UIApplicationSupportsIndirectInputEvents = YES;
				INFOPLIST_KEY_UILaunchStoryboardName = LaunchScreen;
				INFOPLIST_KEY_UIMainStoryboardFile = Main;
				INFOPLIST_KEY_UIRequiresFullScreen = YES;
				INFOPLIST_KEY_UISupportedInterfaceOrientations = "UIInterfaceOrientationLandscapeLeft UIInterfaceOrientationLandscapeRight UIInterfaceOrientationPortrait";
				IPHONEOS_DEPLOYMENT_TARGET = 12.0;
				LD_RUNPATH_SEARCH_PATHS = (
					"$(inherited)",
					"@executable_path/Frameworks",
				);
				MARKETING_VERSION = 1.0;
				PRODUCT_BUNDLE_IDENTIFIER = com.MoExtension.www;
				PRODUCT_NAME = "$(TARGET_NAME)";
				PROVISIONING_PROFILE_SPECIFIER = "";
				SWIFT_EMIT_LOC_STRINGS = YES;
				TARGETED_DEVICE_FAMILY = "1,2";
			};
			name = Debug;
		};
		014CFEEC2A2DF18F00FE27A0 /* Release */ = {
			isa = XCBuildConfiguration;
			buildSettings = {
				ASSETCATALOG_COMPILER_APPICON_NAME = AppIcon;
				ASSETCATALOG_COMPILER_GLOBAL_ACCENT_COLOR_NAME = AccentColor;
				CODE_SIGN_STYLE = Manual;
				CURRENT_PROJECT_VERSION = 1;
				DEVELOPMENT_TEAM = "";
				GENERATE_INFOPLIST_FILE = YES;
				INFOPLIST_FILE = MoExtension/Info.plist;
				INFOPLIST_KEY_UIApplicationSupportsIndirectInputEvents = YES;
				INFOPLIST_KEY_UILaunchStoryboardName = LaunchScreen;
				INFOPLIST_KEY_UIMainStoryboardFile = Main;
				INFOPLIST_KEY_UIRequiresFullScreen = YES;
				INFOPLIST_KEY_UISupportedInterfaceOrientations = "UIInterfaceOrientationLandscapeLeft UIInterfaceOrientationLandscapeRight UIInterfaceOrientationPortrait";
				IPHONEOS_DEPLOYMENT_TARGET = 12.0;
				LD_RUNPATH_SEARCH_PATHS = (
					"$(inherited)",
					"@executable_path/Frameworks",
				);
				MARKETING_VERSION = 1.0;
				PRODUCT_BUNDLE_IDENTIFIER = com.MoExtension.www;
				PRODUCT_NAME = "$(TARGET_NAME)";
				PROVISIONING_PROFILE_SPECIFIER = "";
				SWIFT_EMIT_LOC_STRINGS = YES;
				TARGETED_DEVICE_FAMILY = "1,2";
			};
			name = Release;
		};
/* End XCBuildConfiguration section */

/* Begin XCConfigurationList section */
		014CFECC2A2DF18C00FE27A0 /* Build configuration list for PBXProject "MoExtension" */ = {
			isa = XCConfigurationList;
			buildConfigurations = (
				014CFEE82A2DF18F00FE27A0 /* Debug */,
				014CFEE92A2DF18F00FE27A0 /* Release */,
			);
			defaultConfigurationIsVisible = 0;
			defaultConfigurationName = Release;
		};
		014CFEEA2A2DF18F00FE27A0 /* Build configuration list for PBXNativeTarget "MoExtension" */ = {
			isa = XCConfigurationList;
			buildConfigurations = (
				014CFEEB2A2DF18F00FE27A0 /* Debug */,
				014CFEEC2A2DF18F00FE27A0 /* Release */,
			);
			defaultConfigurationIsVisible = 0;
			defaultConfigurationName = Release;
		};
/* End XCConfigurationList section */
	};
	rootObject = 014CFEC92A2DF18C00FE27A0 /* Project object */;
}
